
Microsoft Visual Studio Solution File, Format Version 12.00
# Visual Studio 2012
Project("{FAE04EC0-301F-11D3-BF4B-00C04F79EFBC}") = "test selected list", "test selected list\test selected list.csproj", "{0E915F28-A9CF-4785-96B7-732F9D4CC868}"
EndProject
Global
	GlobalSection(SolutionConfigurationPlatforms) = preSolution
		Debug|Any CPU = Debug|Any CPU
		Release|Any CPU = Release|Any CPU
	EndGlobalSection
	GlobalSection(ProjectConfigurationPlatforms) = postSolution
		{0E915F28-A9CF-4785-96B7-732F9D4CC868}.Debug|Any CPU.ActiveCfg = Debug|Any CPU
		{0E915F28-A9CF-4785-96B7-732F9D4CC868}.Debug|Any CPU.Build.0 = Debug|Any CPU
		{0E915F28-A9CF-4785-96B7-732F9D4CC868}.Release|Any CPU.ActiveCfg = Release|Any CPU
		{0E915F28-A9CF-4785-96B7-732F9D4CC868}.Release|Any CPU.Build.0 = Release|Any CPU
	EndGlobalSection
	GlobalSection(SolutionProperties) = preSolution
		HideSolutionNode = FALSE
	EndGlobalSection
EndGlobal
