
Microsoft Visual Studio Solution File, Format Version 12.00
# Visual Studio 2012
Project("{FAE04EC0-301F-11D3-BF4B-00C04F79EFBC}") = "multi language", "multi language\multi language.csproj", "{8684D596-6D2E-4028-B090-D02AFF426F41}"
EndProject
Global
	GlobalSection(SolutionConfigurationPlatforms) = preSolution
		Debug|Any CPU = Debug|Any CPU
		Release|Any CPU = Release|Any CPU
	EndGlobalSection
	GlobalSection(ProjectConfigurationPlatforms) = postSolution
		{8684D596-6D2E-4028-B090-D02AFF426F41}.Debug|Any CPU.ActiveCfg = Debug|Any CPU
		{8684D596-6D2E-4028-B090-D02AFF426F41}.Debug|Any CPU.Build.0 = Debug|Any CPU
		{8684D596-6D2E-4028-B090-D02AFF426F41}.Release|Any CPU.ActiveCfg = Release|Any CPU
		{8684D596-6D2E-4028-B090-D02AFF426F41}.Release|Any CPU.Build.0 = Release|Any CPU
	EndGlobalSection
	GlobalSection(SolutionProperties) = preSolution
		HideSolutionNode = FALSE
	EndGlobalSection
EndGlobal
