
Microsoft Visual Studio Solution File, Format Version 12.00
# Visual Studio 15
VisualStudioVersion = 15.0.27428.2043
MinimumVisualStudioVersion = 10.0.40219.1
Project("{E24C65DC-7377-472B-9ABA-BC803B73C61A}") = "WCFService1", "WCFService1\", "{5A8A9539-C3DA-4219-AC47-BA1FB9D19571}"
	ProjectSection(WebsiteProperties) = preProject
		TargetFrameworkMoniker = ".NETFramework,Version%3Dv4.6.1"
		Debug.AspNetCompiler.VirtualPath = "/localhost_64000"
		Debug.AspNetCompiler.PhysicalPath = "WCFService1\"
		Debug.AspNetCompiler.TargetPath = "PrecompiledWeb\localhost_64000\"
		Debug.AspNetCompiler.Updateable = "true"
		Debug.AspNetCompiler.ForceOverwrite = "true"
		Debug.AspNetCompiler.FixedNames = "false"
		Debug.AspNetCompiler.Debug = "True"
		Release.AspNetCompiler.VirtualPath = "/localhost_64000"
		Release.AspNetCompiler.PhysicalPath = "WCFService1\"
		Release.AspNetCompiler.TargetPath = "PrecompiledWeb\localhost_64000\"
		Release.AspNetCompiler.Updateable = "true"
		Release.AspNetCompiler.ForceOverwrite = "true"
		Release.AspNetCompiler.FixedNames = "false"
		Release.AspNetCompiler.Debug = "False"
		VWDPort = "64000"
		SlnRelativePath = "WCFService1\"
		DefaultWebSiteLanguage = "Visual C#"
	EndProjectSection
EndProject
Project("{FAE04EC0-301F-11D3-BF4B-00C04F79EFBC}") = "ConsoleApp1", "ConsoleApp1\ConsoleApp1.csproj", "{65417473-9730-4231-B3E2-0A3E401121E1}"
	ProjectSection(ProjectDependencies) = postProject
		{5A8A9539-C3DA-4219-AC47-BA1FB9D19571} = {5A8A9539-C3DA-4219-AC47-BA1FB9D19571}
	EndProjectSection
EndProject
Global
	GlobalSection(SolutionConfigurationPlatforms) = preSolution
		Debug|Any CPU = Debug|Any CPU
		Release|Any CPU = Release|Any CPU
	EndGlobalSection
	GlobalSection(ProjectConfigurationPlatforms) = postSolution
		{5A8A9539-C3DA-4219-AC47-BA1FB9D19571}.Debug|Any CPU.ActiveCfg = Debug|Any CPU
		{5A8A9539-C3DA-4219-AC47-BA1FB9D19571}.Debug|Any CPU.Build.0 = Debug|Any CPU
		{5A8A9539-C3DA-4219-AC47-BA1FB9D19571}.Release|Any CPU.ActiveCfg = Debug|Any CPU
		{5A8A9539-C3DA-4219-AC47-BA1FB9D19571}.Release|Any CPU.Build.0 = Debug|Any CPU
		{65417473-9730-4231-B3E2-0A3E401121E1}.Debug|Any CPU.ActiveCfg = Debug|Any CPU
		{65417473-9730-4231-B3E2-0A3E401121E1}.Debug|Any CPU.Build.0 = Debug|Any CPU
		{65417473-9730-4231-B3E2-0A3E401121E1}.Release|Any CPU.ActiveCfg = Release|Any CPU
		{65417473-9730-4231-B3E2-0A3E401121E1}.Release|Any CPU.Build.0 = Release|Any CPU
	EndGlobalSection
	GlobalSection(SolutionProperties) = preSolution
		HideSolutionNode = FALSE
	EndGlobalSection
	GlobalSection(ExtensibilityGlobals) = postSolution
		SolutionGuid = {A31AC138-0731-4D72-AC85-74AFFA7A2D34}
	EndGlobalSection
EndGlobal
