
Microsoft Visual Studio Solution File, Format Version 12.00
# Visual Studio 15
VisualStudioVersion = 15.0.27428.2043
MinimumVisualStudioVersion = 10.0.40219.1
Project("{FAE04EC0-301F-11D3-BF4B-00C04F79EFBC}") = "test connect oracle and sql", "test connect oracle and sql\test connect oracle and sql.csproj", "{7DC47394-8576-4D88-A4CD-6C88EBEBA1A3}"
EndProject
Global
	GlobalSection(SolutionConfigurationPlatforms) = preSolution
		Debug|Any CPU = Debug|Any CPU
		Release|Any CPU = Release|Any CPU
	EndGlobalSection
	GlobalSection(ProjectConfigurationPlatforms) = postSolution
		{7DC47394-8576-4D88-A4CD-6C88EBEBA1A3}.Debug|Any CPU.ActiveCfg = Debug|Any CPU
		{7DC47394-8576-4D88-A4CD-6C88EBEBA1A3}.Debug|Any CPU.Build.0 = Debug|Any CPU
		{7DC47394-8576-4D88-A4CD-6C88EBEBA1A3}.Release|Any CPU.ActiveCfg = Release|Any CPU
		{7DC47394-8576-4D88-A4CD-6C88EBEBA1A3}.Release|Any CPU.Build.0 = Release|Any CPU
	EndGlobalSection
	GlobalSection(SolutionProperties) = preSolution
		HideSolutionNode = FALSE
	EndGlobalSection
	GlobalSection(ExtensibilityGlobals) = postSolution
		SolutionGuid = {98B1A99F-CFE3-4064-ACB2-18A4DB09B667}
	EndGlobalSection
EndGlobal
