
Microsoft Visual Studio Solution File, Format Version 12.00
# Visual Studio 15
VisualStudioVersion = 15.0.27130.2020
MinimumVisualStudioVersion = 10.0.40219.1
Project("{FAE04EC0-301F-11D3-BF4B-00C04F79EFBC}") = "test crystal report", "test crystal report\test crystal report.csproj", "{08DF1F08-0B20-435E-961D-6B81D2B1BCF3}"
EndProject
Global
	GlobalSection(SolutionConfigurationPlatforms) = preSolution
		Debug|Any CPU = Debug|Any CPU
		Release|Any CPU = Release|Any CPU
	EndGlobalSection
	GlobalSection(ProjectConfigurationPlatforms) = postSolution
		{08DF1F08-0B20-435E-961D-6B81D2B1BCF3}.Debug|Any CPU.ActiveCfg = Debug|Any CPU
		{08DF1F08-0B20-435E-961D-6B81D2B1BCF3}.Debug|Any CPU.Build.0 = Debug|Any CPU
		{08DF1F08-0B20-435E-961D-6B81D2B1BCF3}.Release|Any CPU.ActiveCfg = Release|Any CPU
		{08DF1F08-0B20-435E-961D-6B81D2B1BCF3}.Release|Any CPU.Build.0 = Release|Any CPU
	EndGlobalSection
	GlobalSection(SolutionProperties) = preSolution
		HideSolutionNode = FALSE
	EndGlobalSection
	GlobalSection(ExtensibilityGlobals) = postSolution
		SolutionGuid = {0C7B1735-C6AB-4095-8482-859182B6C839}
	EndGlobalSection
EndGlobal
