
Microsoft Visual Studio Solution File, Format Version 12.00
# Visual Studio 15
VisualStudioVersion = 15.0.26403.7
MinimumVisualStudioVersion = 10.0.40219.1
Project("{FAE04EC0-301F-11D3-BF4B-00C04F79EFBC}") = "pass data frm view to ctrl FormCollection", "pass data frm view to ctrl FormCollection\pass data frm view to ctrl FormCollection.csproj", "{EE1BC65C-9E97-4AF0-A29D-A6011577F118}"
EndProject
Global
	GlobalSection(SolutionConfigurationPlatforms) = preSolution
		Debug|Any CPU = Debug|Any CPU
		Release|Any CPU = Release|Any CPU
	EndGlobalSection
	GlobalSection(ProjectConfigurationPlatforms) = postSolution
		{EE1BC65C-9E97-4AF0-A29D-A6011577F118}.Debug|Any CPU.ActiveCfg = Debug|Any CPU
		{EE1BC65C-9E97-4AF0-A29D-A6011577F118}.Debug|Any CPU.Build.0 = Debug|Any CPU
		{EE1BC65C-9E97-4AF0-A29D-A6011577F118}.Release|Any CPU.ActiveCfg = Release|Any CPU
		{EE1BC65C-9E97-4AF0-A29D-A6011577F118}.Release|Any CPU.Build.0 = Release|Any CPU
	EndGlobalSection
	GlobalSection(SolutionProperties) = preSolution
		HideSolutionNode = FALSE
	EndGlobalSection
EndGlobal
