
Microsoft Visual Studio Solution File, Format Version 12.00
# Visual Studio 2012
Project("{FAE04EC0-301F-11D3-BF4B-00C04F79EFBC}") = "redirect to action with model", "redirect to action with model\redirect to action with model.csproj", "{4311A7E4-C80D-4A30-A291-405D55FC4FC1}"
EndProject
Global
	GlobalSection(SolutionConfigurationPlatforms) = preSolution
		Debug|Any CPU = Debug|Any CPU
		Release|Any CPU = Release|Any CPU
	EndGlobalSection
	GlobalSection(ProjectConfigurationPlatforms) = postSolution
		{4311A7E4-C80D-4A30-A291-405D55FC4FC1}.Debug|Any CPU.ActiveCfg = Debug|Any CPU
		{4311A7E4-C80D-4A30-A291-405D55FC4FC1}.Debug|Any CPU.Build.0 = Debug|Any CPU
		{4311A7E4-C80D-4A30-A291-405D55FC4FC1}.Release|Any CPU.ActiveCfg = Release|Any CPU
		{4311A7E4-C80D-4A30-A291-405D55FC4FC1}.Release|Any CPU.Build.0 = Release|Any CPU
	EndGlobalSection
	GlobalSection(SolutionProperties) = preSolution
		HideSolutionNode = FALSE
	EndGlobalSection
EndGlobal
